
Microsoft Visual Studio Solution File, Format Version 12.00
# Visual Studio Version 17
VisualStudioVersion = 17.6.33801.468
MinimumVisualStudioVersion = 10.0.40219.1
Project("{9A19103F-16F7-4668-BE54-9A1E7A4F7556}") = "BatchProcessingService", "BatchProcessingService\BatchProcessingService.csproj", "{15DDE8CC-D126-4C6C-803F-3CEB42303771}"
	ProjectSection(ProjectDependencies) = postProject
		{8095221E-86B5-4185-AD3E-BEF2AC552AEA} = {8095221E-86B5-4185-AD3E-BEF2AC552AEA}
	EndProjectSection
EndProject
Project("{9A19103F-16F7-4668-BE54-9A1E7A4F7556}") = "RecordKeepingService", "RecordkeepingService\RecordKeepingService.csproj", "{05630DAE-2566-4E77-86AD-50F72DE9FCB6}"
	ProjectSection(ProjectDependencies) = postProject
		{15DDE8CC-D126-4C6C-803F-3CEB42303771} = {15DDE8CC-D126-4C6C-803F-3CEB42303771}
		{8095221E-86B5-4185-AD3E-BEF2AC552AEA} = {8095221E-86B5-4185-AD3E-BEF2AC552AEA}
		{E29F18D3-3E4F-4898-B781-4237C4794361} = {E29F18D3-3E4F-4898-B781-4237C4794361}
	EndProjectSection
EndProject
Project("{9A19103F-16F7-4668-BE54-9A1E7A4F7556}") = "SigningService", "SigningService\SigningService.csproj", "{E29F18D3-3E4F-4898-B781-4237C4794361}"
	ProjectSection(ProjectDependencies) = postProject
		{15DDE8CC-D126-4C6C-803F-3CEB42303771} = {15DDE8CC-D126-4C6C-803F-3CEB42303771}
		{8095221E-86B5-4185-AD3E-BEF2AC552AEA} = {8095221E-86B5-4185-AD3E-BEF2AC552AEA}
	EndProjectSection
EndProject
Project("{FAE04EC0-301F-11D3-BF4B-00C04F79EFBC}") = "KeyManagementService", "KeyManagementService\KeyManagementService.csproj", "{8095221E-86B5-4185-AD3E-BEF2AC552AEA}"
EndProject
Project("{FAE04EC0-301F-11D3-BF4B-00C04F79EFBC}") = "RecordSigning.Shared.Entities", "RecordSigning.Shared.Entities\RecordSigning.Shared.Entities.csproj", "{7029FE9F-8E19-4220-8A57-52027C3D8A4D}"
EndProject
Global
	GlobalSection(SolutionConfigurationPlatforms) = preSolution
		Debug|Any CPU = Debug|Any CPU
		Release|Any CPU = Release|Any CPU
	EndGlobalSection
	GlobalSection(ProjectConfigurationPlatforms) = postSolution
		{15DDE8CC-D126-4C6C-803F-3CEB42303771}.Debug|Any CPU.ActiveCfg = Debug|Any CPU
		{15DDE8CC-D126-4C6C-803F-3CEB42303771}.Debug|Any CPU.Build.0 = Debug|Any CPU
		{15DDE8CC-D126-4C6C-803F-3CEB42303771}.Release|Any CPU.ActiveCfg = Release|Any CPU
		{15DDE8CC-D126-4C6C-803F-3CEB42303771}.Release|Any CPU.Build.0 = Release|Any CPU
		{05630DAE-2566-4E77-86AD-50F72DE9FCB6}.Debug|Any CPU.ActiveCfg = Debug|Any CPU
		{05630DAE-2566-4E77-86AD-50F72DE9FCB6}.Debug|Any CPU.Build.0 = Debug|Any CPU
		{05630DAE-2566-4E77-86AD-50F72DE9FCB6}.Release|Any CPU.ActiveCfg = Release|Any CPU
		{05630DAE-2566-4E77-86AD-50F72DE9FCB6}.Release|Any CPU.Build.0 = Release|Any CPU
		{E29F18D3-3E4F-4898-B781-4237C4794361}.Debug|Any CPU.ActiveCfg = Debug|Any CPU
		{E29F18D3-3E4F-4898-B781-4237C4794361}.Debug|Any CPU.Build.0 = Debug|Any CPU
		{E29F18D3-3E4F-4898-B781-4237C4794361}.Release|Any CPU.ActiveCfg = Release|Any CPU
		{E29F18D3-3E4F-4898-B781-4237C4794361}.Release|Any CPU.Build.0 = Release|Any CPU
		{8095221E-86B5-4185-AD3E-BEF2AC552AEA}.Debug|Any CPU.ActiveCfg = Debug|Any CPU
		{8095221E-86B5-4185-AD3E-BEF2AC552AEA}.Debug|Any CPU.Build.0 = Debug|Any CPU
		{8095221E-86B5-4185-AD3E-BEF2AC552AEA}.Release|Any CPU.ActiveCfg = Release|Any CPU
		{8095221E-86B5-4185-AD3E-BEF2AC552AEA}.Release|Any CPU.Build.0 = Release|Any CPU
		{7029FE9F-8E19-4220-8A57-52027C3D8A4D}.Debug|Any CPU.ActiveCfg = Debug|Any CPU
		{7029FE9F-8E19-4220-8A57-52027C3D8A4D}.Debug|Any CPU.Build.0 = Debug|Any CPU
		{7029FE9F-8E19-4220-8A57-52027C3D8A4D}.Release|Any CPU.ActiveCfg = Release|Any CPU
		{7029FE9F-8E19-4220-8A57-52027C3D8A4D}.Release|Any CPU.Build.0 = Release|Any CPU
	EndGlobalSection
	GlobalSection(SolutionProperties) = preSolution
		HideSolutionNode = FALSE
	EndGlobalSection
	GlobalSection(ExtensibilityGlobals) = postSolution
		SolutionGuid = {97DDA26D-D5D6-42B7-9085-0ED901931984}
	EndGlobalSection
EndGlobal
